
Microsoft Visual Studio Solution File, Format Version 12.00
# Visual Studio Version 17
VisualStudioVersion = 17.11.35222.181
MinimumVisualStudioVersion = 10.0.40219.1
Project("{FAE04EC0-301F-11D3-BF4B-00C04F79EFBC}") = "Parcial01eje03", "Parcial01eje03\Parcial01eje03.csproj", "{29FDB63E-FD9C-437A-A7F1-5EED6667ACDC}"
EndProject
Global
	GlobalSection(SolutionConfigurationPlatforms) = preSolution
		Debug|Any CPU = Debug|Any CPU
		Release|Any CPU = Release|Any CPU
	EndGlobalSection
	GlobalSection(ProjectConfigurationPlatforms) = postSolution
		{29FDB63E-FD9C-437A-A7F1-5EED6667ACDC}.Debug|Any CPU.ActiveCfg = Debug|Any CPU
		{29FDB63E-FD9C-437A-A7F1-5EED6667ACDC}.Debug|Any CPU.Build.0 = Debug|Any CPU
		{29FDB63E-FD9C-437A-A7F1-5EED6667ACDC}.Release|Any CPU.ActiveCfg = Release|Any CPU
		{29FDB63E-FD9C-437A-A7F1-5EED6667ACDC}.Release|Any CPU.Build.0 = Release|Any CPU
	EndGlobalSection
	GlobalSection(SolutionProperties) = preSolution
		HideSolutionNode = FALSE
	EndGlobalSection
	GlobalSection(ExtensibilityGlobals) = postSolution
		SolutionGuid = {033C9DB3-CC8A-4074-9BB7-966033DBD0D2}
	EndGlobalSection
EndGlobal
